
Microsoft Visual Studio Solution File, Format Version 12.00
# Visual Studio Version 17
VisualStudioVersion = 17.6.33829.357
MinimumVisualStudioVersion = 10.0.40219.1
Project("{FAE04EC0-301F-11D3-BF4B-00C04F79EFBC}") = "CapaPresentacion", "CapaPresentacion\CapaPresentacion.csproj", "{C04F8007-1EF0-483F-8682-193853AD8951}"
EndProject
Project("{FAE04EC0-301F-11D3-BF4B-00C04F79EFBC}") = "CapaNegocio", "CapaNegocio\CapaNegocio.csproj", "{A1996454-7067-41DA-85C6-179B79C336EA}"
EndProject
Project("{FAE04EC0-301F-11D3-BF4B-00C04F79EFBC}") = "CapaEntidad", "CapaEntidad\CapaEntidad.csproj", "{CD0BABAE-0F60-4093-BBAB-70779A1225D3}"
EndProject
Project("{FAE04EC0-301F-11D3-BF4B-00C04F79EFBC}") = "CapaDatos", "CapaDatos\CapaDatos.csproj", "{26C14F62-4275-4167-94FE-6C0E884535ED}"
EndProject
Global
	GlobalSection(SolutionConfigurationPlatforms) = preSolution
		Debug|Any CPU = Debug|Any CPU
		Release|Any CPU = Release|Any CPU
	EndGlobalSection
	GlobalSection(ProjectConfigurationPlatforms) = postSolution
		{C04F8007-1EF0-483F-8682-193853AD8951}.Debug|Any CPU.ActiveCfg = Debug|Any CPU
		{C04F8007-1EF0-483F-8682-193853AD8951}.Debug|Any CPU.Build.0 = Debug|Any CPU
		{C04F8007-1EF0-483F-8682-193853AD8951}.Release|Any CPU.ActiveCfg = Release|Any CPU
		{C04F8007-1EF0-483F-8682-193853AD8951}.Release|Any CPU.Build.0 = Release|Any CPU
		{A1996454-7067-41DA-85C6-179B79C336EA}.Debug|Any CPU.ActiveCfg = Debug|Any CPU
		{A1996454-7067-41DA-85C6-179B79C336EA}.Debug|Any CPU.Build.0 = Debug|Any CPU
		{A1996454-7067-41DA-85C6-179B79C336EA}.Release|Any CPU.ActiveCfg = Release|Any CPU
		{A1996454-7067-41DA-85C6-179B79C336EA}.Release|Any CPU.Build.0 = Release|Any CPU
		{CD0BABAE-0F60-4093-BBAB-70779A1225D3}.Debug|Any CPU.ActiveCfg = Debug|Any CPU
		{CD0BABAE-0F60-4093-BBAB-70779A1225D3}.Debug|Any CPU.Build.0 = Debug|Any CPU
		{CD0BABAE-0F60-4093-BBAB-70779A1225D3}.Release|Any CPU.ActiveCfg = Release|Any CPU
		{CD0BABAE-0F60-4093-BBAB-70779A1225D3}.Release|Any CPU.Build.0 = Release|Any CPU
		{26C14F62-4275-4167-94FE-6C0E884535ED}.Debug|Any CPU.ActiveCfg = Debug|Any CPU
		{26C14F62-4275-4167-94FE-6C0E884535ED}.Debug|Any CPU.Build.0 = Debug|Any CPU
		{26C14F62-4275-4167-94FE-6C0E884535ED}.Release|Any CPU.ActiveCfg = Release|Any CPU
		{26C14F62-4275-4167-94FE-6C0E884535ED}.Release|Any CPU.Build.0 = Release|Any CPU
	EndGlobalSection
	GlobalSection(SolutionProperties) = preSolution
		HideSolutionNode = FALSE
	EndGlobalSection
	GlobalSection(ExtensibilityGlobals) = postSolution
		SolutionGuid = {A5566DC3-D216-4934-B8BE-2204639C84C1}
	EndGlobalSection
EndGlobal
